// !$*UTF8*$!
{
	archiveVersion = 1;
	classes = {
	};
	objectVersion = 46;
	objects = {

/* Begin PBXBuildFile section */
		CE10B043194023A20087C850 /* main.m in Sources */ = {isa = PBXBuildFile; fileRef = CE10B042194023A20087C850 /* main.m */; };
		CE10B046194023A20087C850 /* AppDelegate.m in Sources */ = {isa = PBXBuildFile; fileRef = CE10B045194023A20087C850 /* AppDelegate.m */; };
		CE10B049194023A20087C850 /* GameScene.m in Sources */ = {isa = PBXBuildFile; fileRef = CE10B048194023A20087C850 /* GameScene.m */; };
		CE10B04B194023A20087C850 /* GameScene.sks in Resources */ = {isa = PBXBuildFile; fileRef = CE10B04A194023A20087C850 /* GameScene.sks */; };
		CE10B04E194023A20087C850 /* GameViewController.m in Sources */ = {isa = PBXBuildFile; fileRef = CE10B04D194023A20087C850 /* GameViewController.m */; };
		CE10B051194023A20087C850 /* Main.storyboard in Resources */ = {isa = PBXBuildFile; fileRef = CE10B04F194023A20087C850 /* Main.storyboard */; };
		CE10B053194023A20087C850 /* Images.xcassets in Resources */ = {isa = PBXBuildFile; fileRef = CE10B052194023A20087C850 /* Images.xcassets */; };
		CE10B05F194023A20087C850 /* Flappy_BirdTests.m in Sources */ = {isa = PBXBuildFile; fileRef = CE10B05E194023A20087C850 /* Flappy_BirdTests.m */; };
/* End PBXBuildFile section */

/* Begin PBXContainerItemProxy section */
		CE10B059194023A20087C850 /* PBXContainerItemProxy */ = {
			isa = PBXContainerItemProxy;
			containerPortal = CE10B035194023A20087C850 /* Project object */;
			proxyType = 1;
			remoteGlobalIDString = CE10B03C194023A20087C850;
			remoteInfo = "Flappy Bird";
		};
/* End PBXContainerItemProxy section */

/* Begin PBXFileReference section */
		CE10B03D194023A20087C850 /* Flappy Bird.app */ = {isa = PBXFileReference; explicitFileType = wrapper.application; includeInIndex = 0; path = "Flappy Bird.app"; sourceTree = BUILT_PRODUCTS_DIR; };
		CE10B041194023A20087C850 /* Info.plist */ = {isa = PBXFileReference; lastKnownFileType = text.plist.xml; path = Info.plist; sourceTree = "<group>"; };
		CE10B042194023A20087C850 /* main.m */ = {isa = PBXFileReference; lastKnownFileType = sourcecode.c.objc; path = main.m; sourceTree = "<group>"; };
		CE10B044194023A20087C850 /* AppDelegate.h */ = {isa = PBXFileReference; lastKnownFileType = sourcecode.c.h; path = AppDelegate.h; sourceTree = "<group>"; };
		CE10B045194023A20087C850 /* AppDelegate.m */ = {isa = PBXFileReference; lastKnownFileType = sourcecode.c.objc; path = AppDelegate.m; sourceTree = "<group>"; };
		CE10B047194023A20087C850 /* GameScene.h */ = {isa = PBXFileReference; lastKnownFileType = sourcecode.c.h; path = GameScene.h; sourceTree = "<group>"; };
		CE10B048194023A20087C850 /* GameScene.m */ = {isa = PBXFileReference; lastKnownFileType = sourcecode.c.objc; path = GameScene.m; sourceTree = "<group>"; };
		CE10B04A194023A20087C850 /* GameScene.sks */ = {isa = PBXFileReference; lastKnownFileType = file.sks; path = GameScene.sks; sourceTree = "<group>"; };
		CE10B04C194023A20087C850 /* GameViewController.h */ = {isa = PBXFileReference; lastKnownFileType = sourcecode.c.h; path = GameViewController.h; sourceTree = "<group>"; };
		CE10B04D194023A20087C850 /* GameViewController.m */ = {isa = PBXFileReference; lastKnownFileType = sourcecode.c.objc; path = GameViewController.m; sourceTree = "<group>"; };
		CE10B050194023A20087C850 /* Base */ = {isa = PBXFileReference; lastKnownFileType = file.storyboard; name = Base; path = Base.lproj/Main.storyboard; sourceTree = "<group>"; };
		CE10B052194023A20087C850 /* Images.xcassets */ = {isa = PBXFileReference; lastKnownFileType = folder.assetcatalog; path = Images.xcassets; sourceTree = "<group>"; };
		CE10B058194023A20087C850 /* Flappy BirdTests.xctest */ = {isa = PBXFileReference; explicitFileType = wrapper.cfbundle; includeInIndex = 0; path = "Flappy BirdTests.xctest"; sourceTree = BUILT_PRODUCTS_DIR; };
		CE10B05D194023A20087C850 /* Info.plist */ = {isa = PBXFileReference; lastKnownFileType = text.plist.xml; path = Info.plist; sourceTree = "<group>"; };
		CE10B05E194023A20087C850 /* Flappy_BirdTests.m */ = {isa = PBXFileReference; lastKnownFileType = sourcecode.c.objc; path = Flappy_BirdTests.m; sourceTree = "<group>"; };
/* End PBXFileReference section */

/* Begin PBXFrameworksBuildPhase section */
		CE10B03A194023A20087C850 /* Frameworks */ = {
			isa = PBXFrameworksBuildPhase;
			buildActionMask = 2147483647;
			files = (
			);
			runOnlyForDeploymentPostprocessing = 0;
		};
		CE10B055194023A20087C850 /* Frameworks */ = {
			isa = PBXFrameworksBuildPhase;
			buildActionMask = 2147483647;
			files = (
			);
			runOnlyForDeploymentPostprocessing = 0;
		};
/* End PBXFrameworksBuildPhase section */

/* Begin PBXGroup section */
		CE10B034194023A20087C850 = {
			isa = PBXGroup;
			children = (
				CE10B03F194023A20087C850 /* Flappy Bird */,
				CE10B05B194023A20087C850 /* Flappy BirdTests */,
				CE10B03E194023A20087C850 /* Products */,
			);
			sourceTree = "<group>";
		};
		CE10B03E194023A20087C850 /* Products */ = {
			isa = PBXGroup;
			children = (
				CE10B03D194023A20087C850 /* Flappy Bird.app */,
				CE10B058194023A20087C850 /* Flappy BirdTests.xctest */,
			);
			name = Products;
			sourceTree = "<group>";
		};
		CE10B03F194023A20087C850 /* Flappy Bird */ = {
			isa = PBXGroup;
			children = (
				CE10B047194023A20087C850 /* GameScene.h */,
				CE10B048194023A20087C850 /* GameScene.m */,
				CE10B04A194023A20087C850 /* GameScene.sks */,
				CE10B04C194023A20087C850 /* GameViewController.h */,
				CE10B04D194023A20087C850 /* GameViewController.m */,
				CE10B04F194023A20087C850 /* Main.storyboard */,
				CE10B052194023A20087C850 /* Images.xcassets */,
				CE10B040194023A20087C850 /* Supporting Files */,
			);
			path = "Flappy Bird";
			sourceTree = "<group>";
		};
		CE10B040194023A20087C850 /* Supporting Files */ = {
			isa = PBXGroup;
			children = (
				CE10B044194023A20087C850 /* AppDelegate.h */,
				CE10B045194023A20087C850 /* AppDelegate.m */,
				CE10B041194023A20087C850 /* Info.plist */,
				CE10B042194023A20087C850 /* main.m */,
			);
			name = "Supporting Files";
			sourceTree = "<group>";
		};
		CE10B05B194023A20087C850 /* Flappy BirdTests */ = {
			isa = PBXGroup;
			children = (
				CE10B05E194023A20087C850 /* Flappy_BirdTests.m */,
				CE10B05C194023A20087C850 /* Supporting Files */,
			);
			path = "Flappy BirdTests";
			sourceTree = "<group>";
		};
		CE10B05C194023A20087C850 /* Supporting Files */ = {
			isa = PBXGroup;
			children = (
				CE10B05D194023A20087C850 /* Info.plist */,
			);
			name = "Supporting Files";
			sourceTree = "<group>";
		};
/* End PBXGroup section */

/* Begin PBXNativeTarget section */
		CE10B03C194023A20087C850 /* Flappy Bird */ = {
			isa = PBXNativeTarget;
			buildConfigurationList = CE10B062194023A20087C850 /* Build configuration list for PBXNativeTarget "Flappy Bird" */;
			buildPhases = (
				CE10B039194023A20087C850 /* Sources */,
				CE10B03A194023A20087C850 /* Frameworks */,
				CE10B03B194023A20087C850 /* Resources */,
			);
			buildRules = (
			);
			dependencies = (
			);
			name = "Flappy Bird";
			productName = "Flappy Bird";
			productReference = CE10B03D194023A20087C850 /* Flappy Bird.app */;
			productType = "com.apple.product-type.application";
		};
		CE10B057194023A20087C850 /* Flappy BirdTests */ = {
			isa = PBXNativeTarget;
			buildConfigurationList = CE10B065194023A20087C850 /* Build configuration list for PBXNativeTarget "Flappy BirdTests" */;
			buildPhases = (
				CE10B054194023A20087C850 /* Sources */,
				CE10B055194023A20087C850 /* Frameworks */,
				CE10B056194023A20087C850 /* Resources */,
			);
			buildRules = (
			);
			dependencies = (
				CE10B05A194023A20087C850 /* PBXTargetDependency */,
			);
			name = "Flappy BirdTests";
			productName = "Flappy BirdTests";
			productReference = CE10B058194023A20087C850 /* Flappy BirdTests.xctest */;
			productType = "com.apple.product-type.bundle.unit-test";
		};
/* End PBXNativeTarget section */

/* Begin PBXProject section */
		CE10B035194023A20087C850 /* Project object */ = {
			isa = PBXProject;
			attributes = {
				LastUpgradeCheck = 0600;
				ORGANIZATIONNAME = "Aditya Talpade";
				TargetAttributes = {
					CE10B03C194023A20087C850 = {
						CreatedOnToolsVersion = 6.0;
					};
					CE10B057194023A20087C850 = {
						CreatedOnToolsVersion = 6.0;
						TestTargetID = CE10B03C194023A20087C850;
					};
				};
			};
			buildConfigurationList = CE10B038194023A20087C850 /* Build configuration list for PBXProject "Flappy Bird" */;
			compatibilityVersion = "Xcode 3.2";
			developmentRegion = English;
			hasScannedForEncodings = 0;
			knownRegions = (
				en,
				Base,
			);
			mainGroup = CE10B034194023A20087C850;
			productRefGroup = CE10B03E194023A20087C850 /* Products */;
			projectDirPath = "";
			projectRoot = "";
			targets = (
				CE10B03C194023A20087C850 /* Flappy Bird */,
				CE10B057194023A20087C850 /* Flappy BirdTests */,
			);
		};
/* End PBXProject section */

/* Begin PBXResourcesBuildPhase section */
		CE10B03B194023A20087C850 /* Resources */ = {
			isa = PBXResourcesBuildPhase;
			buildActionMask = 2147483647;
			files = (
				CE10B053194023A20087C850 /* Images.xcassets in Resources */,
				CE10B04B194023A20087C850 /* GameScene.sks in Resources */,
				CE10B051194023A20087C850 /* Main.storyboard in Resources */,
			);
			runOnlyForDeploymentPostprocessing = 0;
		};
		CE10B056194023A20087C850 /* Resources */ = {
			isa = PBXResourcesBuildPhase;
			buildActionMask = 2147483647;
			files = (
			);
			runOnlyForDeploymentPostprocessing = 0;
		};
/* End PBXResourcesBuildPhase section */

/* Begin PBXSourcesBuildPhase section */
		CE10B039194023A20087C850 /* Sources */ = {
			isa = PBXSourcesBuildPhase;
			buildActionMask = 2147483647;
			files = (
				CE10B04E194023A20087C850 /* GameViewController.m in Sources */,
				CE10B046194023A20087C850 /* AppDelegate.m in Sources */,
				CE10B049194023A20087C850 /* GameScene.m in Sources */,
				CE10B043194023A20087C850 /* main.m in Sources */,
			);
			runOnlyForDeploymentPostprocessing = 0;
		};
		CE10B054194023A20087C850 /* Sources */ = {
			isa = PBXSourcesBuildPhase;
			buildActionMask = 2147483647;
			files = (
				CE10B05F194023A20087C850 /* Flappy_BirdTests.m in Sources */,
			);
			runOnlyForDeploymentPostprocessing = 0;
		};
/* End PBXSourcesBuildPhase section */

/* Begin PBXTargetDependency section */
		CE10B05A194023A20087C850 /* PBXTargetDependency */ = {
			isa = PBXTargetDependency;
			target = CE10B03C194023A20087C850 /* Flappy Bird */;
			targetProxy = CE10B059194023A20087C850 /* PBXContainerItemProxy */;
		};
/* End PBXTargetDependency section */

/* Begin PBXVariantGroup section */
		CE10B04F194023A20087C850 /* Main.storyboard */ = {
			isa = PBXVariantGroup;
			children = (
				CE10B050194023A20087C850 /* Base */,
			);
			name = Main.storyboard;
			sourceTree = "<group>";
		};
/* End PBXVariantGroup section */

/* Begin XCBuildConfiguration section */
		CE10B060194023A20087C850 /* Debug */ = {
			isa = XCBuildConfiguration;
			buildSettings = {
				ALWAYS_SEARCH_USER_PATHS = NO;
				CLANG_CXX_LANGUAGE_STANDARD = "gnu++0x";
				CLANG_CXX_LIBRARY = "libc++";
				CLANG_ENABLE_MODULES = YES;
				CLANG_ENABLE_OBJC_ARC = YES;
				CLANG_WARN_BOOL_CONVERSION = YES;
				CLANG_WARN_CONSTANT_CONVERSION = YES;
				CLANG_WARN_DIRECT_OBJC_ISA_USAGE = YES_ERROR;
				CLANG_WARN_EMPTY_BODY = YES;
				CLANG_WARN_ENUM_CONVERSION = YES;
				CLANG_WARN_INT_CONVERSION = YES;
				CLANG_WARN_OBJC_ROOT_CLASS = YES_ERROR;
				CLANG_WARN_UNREACHABLE_CODE = YES;
				CLANG_WARN__DUPLICATE_METHOD_MATCH = YES;
				"CODE_SIGN_IDENTITY[sdk=iphoneos*]" = "iPhone Developer";
				COPY_PHASE_STRIP = NO;
				ENABLE_STRICT_OBJC_MSGSEND = YES;
				GCC_C_LANGUAGE_STANDARD = gnu99;
				GCC_DYNAMIC_NO_PIC = NO;
				GCC_OPTIMIZATION_LEVEL = 0;
				GCC_PREPROCESSOR_DEFINITIONS = (
					"DEBUG=1",
					"$(inherited)",
				);
				GCC_SYMBOLS_PRIVATE_EXTERN = NO;
				GCC_WARN_64_TO_32_BIT_CONVERSION = YES;
				GCC_WARN_ABOUT_RETURN_TYPE = YES_ERROR;
				GCC_WARN_UNDECLARED_SELECTOR = YES;
				GCC_WARN_UNINITIALIZED_AUTOS = YES_AGGRESSIVE;
				GCC_WARN_UNUSED_FUNCTION = YES;
				GCC_WARN_UNUSED_VARIABLE = YES;
				IPHONEOS_DEPLOYMENT_TARGET = 8.0;
				METAL_ENABLE_DEBUG_INFO = YES;
				ONLY_ACTIVE_ARCH = YES;
				SDKROOT = iphoneos;
			};
			name = Debug;
		};
		CE10B061194023A20087C850 /* Release */ = {
			isa = XCBuildConfiguration;
			buildSettings = {
				ALWAYS_SEARCH_USER_PATHS = NO;
				CLANG_CXX_LANGUAGE_STANDARD = "gnu++0x";
				CLANG_CXX_LIBRARY = "libc++";
				CLANG_ENABLE_MODULES = YES;
				CLANG_ENABLE_OBJC_ARC = YES;
				CLANG_WARN_BOOL_CONVERSION = YES;
				CLANG_WARN_CONSTANT_CONVERSION = YES;
				CLANG_WARN_DIRECT_OBJC_ISA_USAGE = YES_ERROR;
				CLANG_WARN_EMPTY_BODY = YES;
				CLANG_WARN_ENUM_CONVERSION = YES;
				CLANG_WARN_INT_CONVERSION = YES;
				CLANG_WARN_OBJC_ROOT_CLASS = YES_ERROR;
				CLANG_WARN_UNREACHABLE_CODE = YES;
				CLANG_WARN__DUPLICATE_METHOD_MATCH = YES;
				"CODE_SIGN_IDENTITY[sdk=iphoneos*]" = "iPhone Developer";
				COPY_PHASE_STRIP = YES;
				ENABLE_NS_ASSERTIONS = NO;
				ENABLE_STRICT_OBJC_MSGSEND = YES;
				GCC_C_LANGUAGE_STANDARD = gnu99;
				GCC_WARN_64_TO_32_BIT_CONVERSION = YES;
				GCC_WARN_ABOUT_RETURN_TYPE = YES_ERROR;
				GCC_WARN_UNDECLARED_SELECTOR = YES;
				GCC_WARN_UNINITIALIZED_AUTOS = YES_AGGRESSIVE;
				GCC_WARN_UNUSED_FUNCTION = YES;
				GCC_WARN_UNUSED_VARIABLE = YES;
				IPHONEOS_DEPLOYMENT_TARGET = 8.0;
				METAL_ENABLE_DEBUG_INFO = NO;
				SDKROOT = iphoneos;
				VALIDATE_PRODUCT = YES;
			};
			name = Release;
		};
		CE10B063194023A20087C850 /* Debug */ = {
			isa = XCBuildConfiguration;
			buildSettings = {
				ASSETCATALOG_COMPILER_APPICON_NAME = AppIcon;
				ASSETCATALOG_COMPILER_LAUNCHIMAGE_NAME = LaunchImage;
				INFOPLIST_FILE = "Flappy Bird/Info.plist";
				LD_RUNPATH_SEARCH_PATHS = "$(inherited) @executable_path/Frameworks";
				PRODUCT_NAME = "$(TARGET_NAME)";
			};
			name = Debug;
		};
		CE10B064194023A20087C850 /* Release */ = {
			isa = XCBuildConfiguration;
			buildSettings = {
				ASSETCATALOG_COMPILER_APPICON_NAME = AppIcon;
				ASSETCATALOG_COMPILER_LAUNCHIMAGE_NAME = LaunchImage;
				INFOPLIST_FILE = "Flappy Bird/Info.plist";
				LD_RUNPATH_SEARCH_PATHS = "$(inherited) @executable_path/Frameworks";
				PRODUCT_NAME = "$(TARGET_NAME)";
			};
			name = Release;
		};
		CE10B066194023A20087C850 /* Debug */ = {
			isa = XCBuildConfiguration;
			buildSettings = {
				BUNDLE_LOADER = "$(BUILT_PRODUCTS_DIR)/Flappy Bird.app/Flappy Bird";
				FRAMEWORK_SEARCH_PATHS = (
					"$(SDKROOT)/Developer/Library/Frameworks",
					"$(inherited)",
				);
				GCC_PREPROCESSOR_DEFINITIONS = (
					"DEBUG=1",
					"$(inherited)",
				);
				INFOPLIST_FILE = "Flappy BirdTests/Info.plist";
				LD_RUNPATH_SEARCH_PATHS = "$(inherited) @executable_path/Frameworks @loader_path/Frameworks";
				METAL_ENABLE_DEBUG_INFO = YES;
				PRODUCT_NAME = "$(TARGET_NAME)";
				TEST_HOST = "$(BUNDLE_LOADER)";
			};
			name = Debug;
		};
		CE10B067194023A20087C850 /* Release */ = {
			isa = XCBuildConfiguration;
			buildSettings = {
				BUNDLE_LOADER = "$(BUILT_PRODUCTS_DIR)/Flappy Bird.app/Flappy Bird";
				FRAMEWORK_SEARCH_PATHS = (
					"$(SDKROOT)/Developer/Library/Frameworks",
					"$(inherited)",
				);
				INFOPLIST_FILE = "Flappy BirdTests/Info.plist";
				LD_RUNPATH_SEARCH_PATHS = "$(inherited) @executable_path/Frameworks @loader_path/Frameworks";
				METAL_ENABLE_DEBUG_INFO = NO;
				PRODUCT_NAME = "$(TARGET_NAME)";
				TEST_HOST = "$(BUNDLE_LOADER)";
			};
			name = Release;
		};
/* End XCBuildConfiguration section */

/* Begin XCConfigurationList section */
		CE10B038194023A20087C850 /* Build configuration list for PBXProject "Flappy Bird" */ = {
			isa = XCConfigurationList;
			buildConfigurations = (
				CE10B060194023A20087C850 /* Debug */,
				CE10B061194023A20087C850 /* Release */,
			);
			defaultConfigurationIsVisible = 0;
			defaultConfigurationName = Release;
		};
		CE10B062194023A20087C850 /* Build configuration list for PBXNativeTarget "Flappy Bird" */ = {
			isa = XCConfigurationList;
			buildConfigurations = (
				CE10B063194023A20087C850 /* Debug */,
				CE10B064194023A20087C850 /* Release */,
			);
			defaultConfigurationIsVisible = 0;
		};
		CE10B065194023A20087C850 /* Build configuration list for PBXNativeTarget "Flappy BirdTests" */ = {
			isa = XCConfigurationList;
			buildConfigurations = (
				CE10B066194023A20087C850 /* Debug */,
				CE10B067194023A20087C850 /* Release */,
			);
			defaultConfigurationIsVisible = 0;
		};
/* End XCConfigurationList section */
	};
	rootObject = CE10B035194023A20087C850 /* Project object */;
}
